
Microsoft Visual Studio Solution File, Format Version 12.00
# Visual Studio Version 17
VisualStudioVersion = 17.7.34003.232
MinimumVisualStudioVersion = 10.0.40219.1
Project("{2150E333-8FDC-42A3-9474-1A3956D46DE8}") = "source", "source", "{B8167426-C3AA-49BB-8B3A-371A97800CD6}"
EndProject
Project("{2150E333-8FDC-42A3-9474-1A3956D46DE8}") = "tests", "tests", "{3F496CEB-C6A9-4861-A44B-A737DE4F76EA}"
EndProject
Project("{2150E333-8FDC-42A3-9474-1A3956D46DE8}") = "docs", "docs", "{8C6E189D-2B96-4636-B3E6-BECAE844EBBC}"
	ProjectSection(SolutionItems) = preProject
		.github\ISSUE_TEMPLATE\bug_report.md = .github\ISSUE_TEMPLATE\bug_report.md
		CODE_OF_CONDUCT.md = CODE_OF_CONDUCT.md
		CONTRIBUTING.md = CONTRIBUTING.md
		.github\ISSUE_TEMPLATE\feature_request.md = .github\ISSUE_TEMPLATE\feature_request.md
		LICENSE = LICENSE
		NOTICE = NOTICE
		README.md = README.md
		SECURITY.md = SECURITY.md
		SUPPORT.md = SUPPORT.md
	EndProjectSection
EndProject
Project("{2150E333-8FDC-42A3-9474-1A3956D46DE8}") = "scripts", "scripts", "{FBD4B9A3-76D2-4237-BDF1-916CD9085D83}"
	ProjectSection(SolutionItems) = preProject
		build.ps1 = build.ps1
	EndProjectSection
EndProject
Project("{9A19103F-16F7-4668-BE54-9A1E7A4F7556}") = "BenchmarkDotNetAnalyser.Tests.Unit", "test\BenchmarkDotNetAnalyser.Tests.Unit\BenchmarkDotNetAnalyser.Tests.Unit.csproj", "{423AEEF3-7F23-410E-AFA2-75DAD14036F3}"
EndProject
Project("{9A19103F-16F7-4668-BE54-9A1E7A4F7556}") = "BenchmarkDotNetAnalyser", "src\BenchmarkDotNetAnalyser\BenchmarkDotNetAnalyser.csproj", "{1B0573B7-E6CD-4318-A9B0-F4CCB67A9818}"
EndProject
Project("{2150E333-8FDC-42A3-9474-1A3956D46DE8}") = "ci", "ci", "{9D402AF7-02A0-4144-AAFE-4CEBC610572B}"
	ProjectSection(SolutionItems) = preProject
		.github\workflows\actions_buildtestpackage.yml = .github\workflows\actions_buildtestpackage.yml
		.github\workflows\actions_sast.yml = .github\workflows\actions_sast.yml
		.github\CODEOWNERS = .github\CODEOWNERS
		.github\codeql\codeql-config.yml = .github\codeql\codeql-config.yml
	EndProjectSection
EndProject
Project("{9A19103F-16F7-4668-BE54-9A1E7A4F7556}") = "BenchmarkDotNetAnalyser.SampleBenchmarks", "test\BenchmarkDotNetAnalyser.SampleBenchmarks\BenchmarkDotNetAnalyser.SampleBenchmarks.csproj", "{6F8331FF-46E9-4DFE-9666-6819EF25342C}"
EndProject
Project("{9A19103F-16F7-4668-BE54-9A1E7A4F7556}") = "BenchmarkDotNetAnalyser.Tests.Integration", "test\BenchmarkDotNetAnalyser.Tests.Integration\BenchmarkDotNetAnalyser.Tests.Integration.csproj", "{BB5D99A6-6283-47BE-B004-2AA13DD2869C}"
EndProject
Project("{6EC3EE1D-3C4E-46DD-8F32-0CC8E7565705}") = "build", "build.fsproj", "{6AB2D9FC-C297-4E74-BA60-4CF687558367}"
EndProject
Global
	GlobalSection(SolutionConfigurationPlatforms) = preSolution
		Debug|Any CPU = Debug|Any CPU
		Release|Any CPU = Release|Any CPU
	EndGlobalSection
	GlobalSection(ProjectConfigurationPlatforms) = postSolution
		{423AEEF3-7F23-410E-AFA2-75DAD14036F3}.Debug|Any CPU.ActiveCfg = Debug|Any CPU
		{423AEEF3-7F23-410E-AFA2-75DAD14036F3}.Debug|Any CPU.Build.0 = Debug|Any CPU
		{423AEEF3-7F23-410E-AFA2-75DAD14036F3}.Release|Any CPU.ActiveCfg = Release|Any CPU
		{423AEEF3-7F23-410E-AFA2-75DAD14036F3}.Release|Any CPU.Build.0 = Release|Any CPU
		{1B0573B7-E6CD-4318-A9B0-F4CCB67A9818}.Debug|Any CPU.ActiveCfg = Debug|Any CPU
		{1B0573B7-E6CD-4318-A9B0-F4CCB67A9818}.Debug|Any CPU.Build.0 = Debug|Any CPU
		{1B0573B7-E6CD-4318-A9B0-F4CCB67A9818}.Release|Any CPU.ActiveCfg = Release|Any CPU
		{1B0573B7-E6CD-4318-A9B0-F4CCB67A9818}.Release|Any CPU.Build.0 = Release|Any CPU
		{6F8331FF-46E9-4DFE-9666-6819EF25342C}.Debug|Any CPU.ActiveCfg = Debug|Any CPU
		{6F8331FF-46E9-4DFE-9666-6819EF25342C}.Debug|Any CPU.Build.0 = Debug|Any CPU
		{6F8331FF-46E9-4DFE-9666-6819EF25342C}.Release|Any CPU.ActiveCfg = Release|Any CPU
		{6F8331FF-46E9-4DFE-9666-6819EF25342C}.Release|Any CPU.Build.0 = Release|Any CPU
		{BB5D99A6-6283-47BE-B004-2AA13DD2869C}.Debug|Any CPU.ActiveCfg = Debug|Any CPU
		{BB5D99A6-6283-47BE-B004-2AA13DD2869C}.Debug|Any CPU.Build.0 = Debug|Any CPU
		{BB5D99A6-6283-47BE-B004-2AA13DD2869C}.Release|Any CPU.ActiveCfg = Release|Any CPU
		{BB5D99A6-6283-47BE-B004-2AA13DD2869C}.Release|Any CPU.Build.0 = Release|Any CPU
		{6AB2D9FC-C297-4E74-BA60-4CF687558367}.Debug|Any CPU.ActiveCfg = Debug|Any CPU
		{6AB2D9FC-C297-4E74-BA60-4CF687558367}.Debug|Any CPU.Build.0 = Debug|Any CPU
		{6AB2D9FC-C297-4E74-BA60-4CF687558367}.Release|Any CPU.ActiveCfg = Release|Any CPU
		{6AB2D9FC-C297-4E74-BA60-4CF687558367}.Release|Any CPU.Build.0 = Release|Any CPU
	EndGlobalSection
	GlobalSection(SolutionProperties) = preSolution
		HideSolutionNode = FALSE
	EndGlobalSection
	GlobalSection(NestedProjects) = preSolution
		{423AEEF3-7F23-410E-AFA2-75DAD14036F3} = {3F496CEB-C6A9-4861-A44B-A737DE4F76EA}
		{1B0573B7-E6CD-4318-A9B0-F4CCB67A9818} = {B8167426-C3AA-49BB-8B3A-371A97800CD6}
		{6F8331FF-46E9-4DFE-9666-6819EF25342C} = {3F496CEB-C6A9-4861-A44B-A737DE4F76EA}
		{BB5D99A6-6283-47BE-B004-2AA13DD2869C} = {3F496CEB-C6A9-4861-A44B-A737DE4F76EA}
		{6AB2D9FC-C297-4E74-BA60-4CF687558367} = {FBD4B9A3-76D2-4237-BDF1-916CD9085D83}
	EndGlobalSection
	GlobalSection(ExtensibilityGlobals) = postSolution
		SolutionGuid = {368CCD8F-9A9E-400A-8CD2-044766E97284}
	EndGlobalSection
EndGlobal
